<?xml version="1.0" encoding="utf-8"?>
<Project ToolsVersion="4.0" xmlns="http://schemas.microsoft.com/developer/msbuild/2003">
  <ItemGroup>
    <Filter Include="Source Files">
      <UniqueIdentifier>{4FC737F1-C7A5-4376-A066-2A32D752A2FF}</UniqueIdentifier>
      <Extensions>cpp;c;cc;cxx;c++;cppm;ixx;def;odl;idl;hpj;bat;asm;asmx</Extensions>
    </Filter>
    <Filter Include="Header Files">
      <UniqueIdentifier>{93995380-89BD-4b04-88EB-625FBE52EBFB}</UniqueIdentifier>
      <Extensions>h;hh;hpp;hxx;h++;hm;inl;inc;ipp;xsd</Extensions>
    </Filter>
    <Filter Include="Resource Files">
      <UniqueIdentifier>{67DA6AB6-F800-4c08-8B7A-83BB121AAD01}</UniqueIdentifier>
      <Extensions>rc;ico;cur;bmp;dlg;rc2;rct;bin;rgs;gif;jpg;jpeg;jpe;resx;tiff;tif;png;wav;mfcribbon-ms</Extensions>
    </Filter>
    <Filter Include="Header Files\StrongType">
      <UniqueIdentifier>{4d357f40-f167-49ac-a271-56709379638e}</UniqueIdentifier>
    </Filter>
    <Filter Include="Header Files\Excel">
      <UniqueIdentifier>{6c13a533-54cb-49c1-9f9b-68c51c6dd5b5}</UniqueIdentifier>
    </Filter>
    <Filter Include="Header Files\Excel\Table">
      <UniqueIdentifier>{0b97c586-2e26-4747-bc11-c329e63cbca2}</UniqueIdentifier>
    </Filter>
    <Filter Include="Header Files\Excel\Table\Cell">
      <UniqueIdentifier>{1ac89598-8329-4ece-82c6-9b771fa8540a}</UniqueIdentifier>
    </Filter>
    <Filter Include="Source Files\Excel">
      <UniqueIdentifier>{00a0177e-d152-4efc-89dd-e3510b7c19b0}</UniqueIdentifier>
    </Filter>
    <Filter Include="Source Files\Excel\Table">
      <UniqueIdentifier>{0f21ecd7-e032-4dd9-a658-456c3abf5dab}</UniqueIdentifier>
    </Filter>
    <Filter Include="Source Files\Excel\Table\Cell">
      <UniqueIdentifier>{ab4df9c0-8872-46ab-9c75-4c6d7c8ec252}</UniqueIdentifier>
    </Filter>
    <Filter Include="Header Files\Excel\Command">
      <UniqueIdentifier>{2676ad64-ef54-4702-950a-59aa1302d3c0}</UniqueIdentifier>
    </Filter>
    <Filter Include="Source Files\Excel\Command">
      <UniqueIdentifier>{0bb1ee63-5e9b-4391-b246-78f86cc5d5dc}</UniqueIdentifier>
    </Filter>
  </ItemGroup>
  <ItemGroup>
    <ClCompile Include="main.cpp">
      <Filter>Source Files</Filter>
    </ClCompile>
    <ClCompile Include="src\Excel\Excel.cpp">
      <Filter>Source Files\Excel</Filter>
    </ClCompile>
    <ClCompile Include="src\Excel\Table\Table.cpp">
      <Filter>Source Files\Excel\Table</Filter>
    </ClCompile>
    <ClCompile Include="src\Excel\Table\Cell\DeteCell.cpp">
      <Filter>Source Files\Excel\Table\Cell</Filter>
    </ClCompile>
    <ClCompile Include="src\Excel\Table\Cell\ExprCell.cpp">
      <Filter>Source Files\Excel\Table\Cell</Filter>
    </ClCompile>
    <ClCompile Include="src\Excel\Table\Cell\NumberCell.cpp">
      <Filter>Source Files\Excel\Table\Cell</Filter>
    </ClCompile>
    <ClCompile Include="src\Excel\Table\Cell\StringCell.cpp">
      <Filter>Source Files\Excel\Table\Cell</Filter>
    </ClCompile>
    <ClCompile Include="src\Excel\Command\CreateCommand.cpp">
      <Filter>Source Files\Excel\Command</Filter>
    </ClCompile>
    <ClCompile Include="src\Excel\Command\DeleteCommand.cpp">
      <Filter>Source Files\Excel\Command</Filter>
    </ClCompile>
    <ClCompile Include="src\Excel\Command\ExportCommand.cpp">
      <Filter>Source Files\Excel\Command</Filter>
    </ClCompile>
    <ClCompile Include="src\Excel\Command\ImportCommand.cpp">
      <Filter>Source Files\Excel\Command</Filter>
    </ClCompile>
    <ClCompile Include="src\Excel\Command\ResizeCommand.cpp">
      <Filter>Source Files\Excel\Command</Filter>
    </ClCompile>
    <ClCompile Include="src\Excel\Command\SetdCommand.cpp">
      <Filter>Source Files\Excel\Command</Filter>
    </ClCompile>
    <ClCompile Include="src\Excel\Command\SeteCommand.cpp">
      <Filter>Source Files\Excel\Command</Filter>
    </ClCompile>
    <ClCompile Include="src\Excel\Command\SetnCommand.cpp">
      <Filter>Source Files\Excel\Command</Filter>
    </ClCompile>
    <ClCompile Include="src\Excel\Command\SetsCommand.cpp">
      <Filter>Source Files\Excel\Command</Filter>
    </ClCompile>
    <ClCompile Include="src\Excel\Command\HelpCommand.cpp">
      <Filter>Source Files\Excel\Command</Filter>
    </ClCompile>
  </ItemGroup>
  <ItemGroup>
    <ClInclude Include="src\Utility.hpp">
      <Filter>Header Files</Filter>
    </ClInclude>
    <ClInclude Include="src\ErrorCode.h">
      <Filter>Header Files</Filter>
    </ClInclude>
    <ClInclude Include="src\StrongType\Int.h">
      <Filter>Header Files\StrongType</Filter>
    </ClInclude>
    <ClInclude Include="src\Excel\Excel.h">
      <Filter>Header Files\Excel</Filter>
    </ClInclude>
    <ClInclude Include="src\Excel\Table\Table.h">
      <Filter>Header Files\Excel\Table</Filter>
    </ClInclude>
    <ClInclude Include="src\Excel\Table\Cell\Cell.h">
      <Filter>Header Files\Excel\Table\Cell</Filter>
    </ClInclude>
    <ClInclude Include="src\Excel\Table\Cell\DateCell.h">
      <Filter>Header Files\Excel\Table\Cell</Filter>
    </ClInclude>
    <ClInclude Include="src\Excel\Table\Cell\ExprCell.h">
      <Filter>Header Files\Excel\Table\Cell</Filter>
    </ClInclude>
    <ClInclude Include="src\Excel\Table\Cell\NumberCell.h">
      <Filter>Header Files\Excel\Table\Cell</Filter>
    </ClInclude>
    <ClInclude Include="src\Excel\Table\Cell\StringCell.h">
      <Filter>Header Files\Excel\Table\Cell</Filter>
    </ClInclude>
    <ClInclude Include="src\Excel\Command\CreateCommand.h">
      <Filter>Header Files\Excel\Command</Filter>
    </ClInclude>
    <ClInclude Include="src\Excel\Command\ICommand.h">
      <Filter>Header Files\Excel\Command</Filter>
    </ClInclude>
    <ClInclude Include="src\Excel\Command\DeleteCommand.h">
      <Filter>Header Files\Excel\Command</Filter>
    </ClInclude>
    <ClInclude Include="src\Excel\Command\ExportCommand.h">
      <Filter>Header Files\Excel\Command</Filter>
    </ClInclude>
    <ClInclude Include="src\Excel\Command\ImportCommand.h">
      <Filter>Header Files\Excel\Command</Filter>
    </ClInclude>
    <ClInclude Include="src\Excel\Command\ResizeCommand.h">
      <Filter>Header Files\Excel\Command</Filter>
    </ClInclude>
    <ClInclude Include="src\Excel\Command\SetdCommand.h">
      <Filter>Header Files\Excel\Command</Filter>
    </ClInclude>
    <ClInclude Include="src\Excel\Command\SeteCommand.h">
      <Filter>Header Files\Excel\Command</Filter>
    </ClInclude>
    <ClInclude Include="src\Excel\Command\SetnCommand.h">
      <Filter>Header Files\Excel\Command</Filter>
    </ClInclude>
    <ClInclude Include="src\Excel\Command\SetsCommand.h">
      <Filter>Header Files\Excel\Command</Filter>
    </ClInclude>
    <ClInclude Include="src\Excel\Command\HelpCommand.h">
      <Filter>Header Files\Excel\Command</Filter>
    </ClInclude>
  </ItemGroup>
</Project>